{
  "requires": true,
  "lockfileVersion": 1,
  "dependencies": {
    "types-registry": {
      "version": "0.1.450",
      "resolved": "https://registry.npmjs.org/types-registry/-/types-registry-0.1.450.tgz",
      "integrity": "sha512-a2lz+QCwK1sXCyPE4ICTp70DWv4S/TBW7+bsJz+IOIvbe5fBnA4wbEAECOWR02V+V++F36SHLzsm+8Ur9hA2QA=="
    }
  }
}
